
Microsoft Visual Studio Solution File, Format Version 11.00
# Visual Studio 2010
Project("{2150E333-8FDC-42A3-9474-1A3956D46DE8}") = "Transfer", "Transfer", "{1A256DDE-195C-422B-A1DC-C4E4CFB75E1C}"
	ProjectSection(SolutionItems) = preProject
		Transfer\mtbin.cmd = Transfer\mtbin.cmd
		Transfer\mtbin.lst = Transfer\mtbin.lst
		Transfer\mtdev.cmd = Transfer\mtdev.cmd
		Transfer\mtdev.lst = Transfer\mtdev.lst
	EndProjectSection
EndProject
Project("{2150E333-8FDC-42A3-9474-1A3956D46DE8}") = "Solution Items", "Solution Items", "{2BDE329D-116E-4B9E-81F0-9BE884A56A1D}"
	ProjectSection(SolutionItems) = preProject
		readme.html = readme.html
	EndProjectSection
EndProject
Project("{8BC9CEB8-8B4A-11D0-8D11-00A0C91BC942}") = "MsgText", "MsgText.vcxproj", "{63B25C2E-51DB-4856-9067-C4AB3BF99C5F}"
EndProject
Global
	GlobalSection(SolutionConfigurationPlatforms) = preSolution
		Debug|Win32 = Debug|Win32
		Release|Win32 = Release|Win32
	EndGlobalSection
	GlobalSection(ProjectConfigurationPlatforms) = postSolution
		{63B25C2E-51DB-4856-9067-C4AB3BF99C5F}.Debug|Win32.ActiveCfg = Debug|Win32
		{63B25C2E-51DB-4856-9067-C4AB3BF99C5F}.Debug|Win32.Build.0 = Debug|Win32
		{63B25C2E-51DB-4856-9067-C4AB3BF99C5F}.Release|Win32.ActiveCfg = Release|Win32
		{63B25C2E-51DB-4856-9067-C4AB3BF99C5F}.Release|Win32.Build.0 = Release|Win32
	EndGlobalSection
	GlobalSection(SolutionProperties) = preSolution
		HideSolutionNode = FALSE
	EndGlobalSection
EndGlobal
